
Microsoft Visual Studio Solution File, Format Version 12.00
# Visual Studio 2015
Project("{FAE04EC0-301F-11D3-BF4B-00C04F79EFBC}") = "Roll-a-Ball.CSharp", "Roll-a-Ball.CSharp.csproj", "{51D5EFF4-02C2-F340-1B63-B376A69B83BE}"
EndProject
Global
	GlobalSection(SolutionConfigurationPlatforms) = preSolution
		Debug|Any CPU = Debug|Any CPU
		Release|Any CPU = Release|Any CPU
	EndGlobalSection
	GlobalSection(ProjectConfigurationPlatforms) = postSolution
		{51D5EFF4-02C2-F340-1B63-B376A69B83BE}.Debug|Any CPU.ActiveCfg = Debug|Any CPU
		{51D5EFF4-02C2-F340-1B63-B376A69B83BE}.Debug|Any CPU.Build.0 = Debug|Any CPU
		{51D5EFF4-02C2-F340-1B63-B376A69B83BE}.Release|Any CPU.ActiveCfg = Release|Any CPU
		{51D5EFF4-02C2-F340-1B63-B376A69B83BE}.Release|Any CPU.Build.0 = Release|Any CPU
	EndGlobalSection
	GlobalSection(SolutionProperties) = preSolution
		HideSolutionNode = FALSE
	EndGlobalSection
EndGlobal
